// !$*UTF8*$!
{
	archiveVersion = 1;
	classes = {
	};
	objectVersion = 46;
	objects = {

/* Begin PBXBuildFile section */
		E608A7271D58D6A000AB478D /* ControlPanelViewController.swift in Sources */ = {isa = PBXBuildFile; fileRef = E608A7261D58D6A000AB478D /* ControlPanelViewController.swift */; };
		E61433121D4E3CCD00D0CF34 /* Objects.swift in Sources */ = {isa = PBXBuildFile; fileRef = E61433111D4E3CCD00D0CF34 /* Objects.swift */; };
		E61433131D4E3CCD00D0CF34 /* Objects.swift in Sources */ = {isa = PBXBuildFile; fileRef = E61433111D4E3CCD00D0CF34 /* Objects.swift */; };
		E61433151D4E8B2D00D0CF34 /* MeshImport.swift in Sources */ = {isa = PBXBuildFile; fileRef = E61433141D4E8B2D00D0CF34 /* MeshImport.swift */; };
		E61433161D4E8B2D00D0CF34 /* MeshImport.swift in Sources */ = {isa = PBXBuildFile; fileRef = E61433141D4E8B2D00D0CF34 /* MeshImport.swift */; };
		E61F1B2E1D542CE2008BD216 /* Textures.swift in Sources */ = {isa = PBXBuildFile; fileRef = E61F1B2D1D542CE2008BD216 /* Textures.swift */; };
		E61F1B2F1D542CE2008BD216 /* Textures.swift in Sources */ = {isa = PBXBuildFile; fileRef = E61F1B2D1D542CE2008BD216 /* Textures.swift */; };
		E61F1B301D542CE2008BD216 /* Textures.swift in Sources */ = {isa = PBXBuildFile; fileRef = E61F1B2D1D542CE2008BD216 /* Textures.swift */; };
		E64D25381D4D8C6000445C30 /* MatrixTests.swift in Sources */ = {isa = PBXBuildFile; fileRef = E64D25371D4D8C6000445C30 /* MatrixTests.swift */; };
		E64D253F1D4D8C8C00445C30 /* Geometry.swift in Sources */ = {isa = PBXBuildFile; fileRef = E658FB851D4B87AF00C7628D /* Geometry.swift */; };
		E64D25401D4D8C8E00445C30 /* Pathtracing.swift in Sources */ = {isa = PBXBuildFile; fileRef = E658FB871D4C245500C7628D /* Pathtracing.swift */; };
		E64D25421D4D98EE00445C30 /* Matrix.swift in Sources */ = {isa = PBXBuildFile; fileRef = E64D25411D4D98EE00445C30 /* Matrix.swift */; };
		E64D25431D4D98EE00445C30 /* Matrix.swift in Sources */ = {isa = PBXBuildFile; fileRef = E64D25411D4D98EE00445C30 /* Matrix.swift */; };
		E658AC521D5DCD2100701C31 /* SceneEncoding.swift in Sources */ = {isa = PBXBuildFile; fileRef = E658AC511D5DCD2100701C31 /* SceneEncoding.swift */; };
		E658AC531D5DCD2100701C31 /* SceneEncoding.swift in Sources */ = {isa = PBXBuildFile; fileRef = E658AC511D5DCD2100701C31 /* SceneEncoding.swift */; };
		E658FB771D4B879300C7628D /* AppDelegate.swift in Sources */ = {isa = PBXBuildFile; fileRef = E658FB761D4B879300C7628D /* AppDelegate.swift */; };
		E658FB791D4B879300C7628D /* RenderResultViewController.swift in Sources */ = {isa = PBXBuildFile; fileRef = E658FB781D4B879300C7628D /* RenderResultViewController.swift */; };
		E658FB7B1D4B879300C7628D /* Assets.xcassets in Resources */ = {isa = PBXBuildFile; fileRef = E658FB7A1D4B879300C7628D /* Assets.xcassets */; };
		E658FB7E1D4B879300C7628D /* Main.storyboard in Resources */ = {isa = PBXBuildFile; fileRef = E658FB7C1D4B879300C7628D /* Main.storyboard */; };
		E658FB861D4B87AF00C7628D /* Geometry.swift in Sources */ = {isa = PBXBuildFile; fileRef = E658FB851D4B87AF00C7628D /* Geometry.swift */; };
		E658FB881D4C245500C7628D /* Pathtracing.swift in Sources */ = {isa = PBXBuildFile; fileRef = E658FB871D4C245500C7628D /* Pathtracing.swift */; };
		E65EC0851D598FCA0054C2F5 /* ColorTextureChooserViewController.swift in Sources */ = {isa = PBXBuildFile; fileRef = E65EC0841D598FCA0054C2F5 /* ColorTextureChooserViewController.swift */; };
		E65EC0871D5A42800054C2F5 /* MaterialEditorViewController.swift in Sources */ = {isa = PBXBuildFile; fileRef = E65EC0861D5A42800054C2F5 /* MaterialEditorViewController.swift */; };
		E65EC0891D5A436C0054C2F5 /* Extensions.swift in Sources */ = {isa = PBXBuildFile; fileRef = E65EC0881D5A436C0054C2F5 /* Extensions.swift */; };
		E664E3881D52FF1E0032AACA /* AppDelegate.swift in Sources */ = {isa = PBXBuildFile; fileRef = E664E3871D52FF1E0032AACA /* AppDelegate.swift */; };
		E664E38A1D52FF1E0032AACA /* ViewController.swift in Sources */ = {isa = PBXBuildFile; fileRef = E664E3891D52FF1E0032AACA /* ViewController.swift */; };
		E664E38D1D52FF1E0032AACA /* Main.storyboard in Resources */ = {isa = PBXBuildFile; fileRef = E664E38B1D52FF1E0032AACA /* Main.storyboard */; };
		E664E38F1D52FF1E0032AACA /* Assets.xcassets in Resources */ = {isa = PBXBuildFile; fileRef = E664E38E1D52FF1E0032AACA /* Assets.xcassets */; };
		E664E3921D52FF1E0032AACA /* LaunchScreen.storyboard in Resources */ = {isa = PBXBuildFile; fileRef = E664E3901D52FF1E0032AACA /* LaunchScreen.storyboard */; };
		E664E3971D52FF280032AACA /* Geometry.swift in Sources */ = {isa = PBXBuildFile; fileRef = E658FB851D4B87AF00C7628D /* Geometry.swift */; };
		E664E3981D52FF2A0032AACA /* Matrix.swift in Sources */ = {isa = PBXBuildFile; fileRef = E64D25411D4D98EE00445C30 /* Matrix.swift */; };
		E664E3991D52FF2D0032AACA /* MeshImport.swift in Sources */ = {isa = PBXBuildFile; fileRef = E61433141D4E8B2D00D0CF34 /* MeshImport.swift */; };
		E664E39A1D52FF310032AACA /* Objects.swift in Sources */ = {isa = PBXBuildFile; fileRef = E61433111D4E3CCD00D0CF34 /* Objects.swift */; };
		E664E39B1D52FF370032AACA /* Shading.swift in Sources */ = {isa = PBXBuildFile; fileRef = E69258381D4EE4B100A77195 /* Shading.swift */; };
		E664E39C1D52FF390032AACA /* Pathtracing.swift in Sources */ = {isa = PBXBuildFile; fileRef = E658FB871D4C245500C7628D /* Pathtracing.swift */; };
		E664E39D1D52FF3C0032AACA /* SpacePartitioning.swift in Sources */ = {isa = PBXBuildFile; fileRef = E692583B1D4EEDFD00A77195 /* SpacePartitioning.swift */; };
		E664E39F1D52FF9B0032AACA /* PathTracingViewer.swift in Sources */ = {isa = PBXBuildFile; fileRef = E664E39E1D52FF9B0032AACA /* PathTracingViewer.swift */; };
		E664E3A11D5300390032AACA /* mesh2.obj in Resources */ = {isa = PBXBuildFile; fileRef = E664E3A01D5300390032AACA /* mesh2.obj */; };
		E68774821D5B12770037C513 /* Extensions.swift in Sources */ = {isa = PBXBuildFile; fileRef = E65EC0881D5A436C0054C2F5 /* Extensions.swift */; };
		E69258391D4EE4B100A77195 /* Shading.swift in Sources */ = {isa = PBXBuildFile; fileRef = E69258381D4EE4B100A77195 /* Shading.swift */; };
		E692583A1D4EE4B100A77195 /* Shading.swift in Sources */ = {isa = PBXBuildFile; fileRef = E69258381D4EE4B100A77195 /* Shading.swift */; };
		E692583C1D4EEDFD00A77195 /* SpacePartitioning.swift in Sources */ = {isa = PBXBuildFile; fileRef = E692583B1D4EEDFD00A77195 /* SpacePartitioning.swift */; };
		E692583D1D4EEDFD00A77195 /* SpacePartitioning.swift in Sources */ = {isa = PBXBuildFile; fileRef = E692583B1D4EEDFD00A77195 /* SpacePartitioning.swift */; };
		E6F44A801D59855D00C2FAD2 /* ShaderChooserViewController.swift in Sources */ = {isa = PBXBuildFile; fileRef = E6F44A7E1D59855D00C2FAD2 /* ShaderChooserViewController.swift */; };
		E6F44A831D59877700C2FAD2 /* ShaderEditorViewController.swift in Sources */ = {isa = PBXBuildFile; fileRef = E6F44A821D59877700C2FAD2 /* ShaderEditorViewController.swift */; };
/* End PBXBuildFile section */

/* Begin PBXContainerItemProxy section */
		E64D253A1D4D8C6000445C30 /* PBXContainerItemProxy */ = {
			isa = PBXContainerItemProxy;
			containerPortal = E658FB6B1D4B879200C7628D /* Project object */;
			proxyType = 1;
			remoteGlobalIDString = E658FB721D4B879200C7628D;
			remoteInfo = PathTracingTests;
		};
/* End PBXContainerItemProxy section */

/* Begin PBXCopyFilesBuildPhase section */
		E6C9E2A71D5D4F6A006326F3 /* Embed Watch Content */ = {
			isa = PBXCopyFilesBuildPhase;
			buildActionMask = 2147483647;
			dstPath = "$(CONTENTS_FOLDER_PATH)/Watch";
			dstSubfolderSpec = 16;
			files = (
			);
			name = "Embed Watch Content";
			runOnlyForDeploymentPostprocessing = 0;
		};
/* End PBXCopyFilesBuildPhase section */

/* Begin PBXFileReference section */
		E608A7261D58D6A000AB478D /* ControlPanelViewController.swift */ = {isa = PBXFileReference; fileEncoding = 4; lastKnownFileType = sourcecode.swift; path = ControlPanelViewController.swift; sourceTree = "<group>"; };
		E61433111D4E3CCD00D0CF34 /* Objects.swift */ = {isa = PBXFileReference; fileEncoding = 4; lastKnownFileType = sourcecode.swift; path = Objects.swift; sourceTree = "<group>"; };
		E61433141D4E8B2D00D0CF34 /* MeshImport.swift */ = {isa = PBXFileReference; fileEncoding = 4; lastKnownFileType = sourcecode.swift; path = MeshImport.swift; sourceTree = "<group>"; };
		E61F1B2D1D542CE2008BD216 /* Textures.swift */ = {isa = PBXFileReference; fileEncoding = 4; lastKnownFileType = sourcecode.swift; path = Textures.swift; sourceTree = "<group>"; };
		E64D25351D4D8C6000445C30 /* PathTracingTestsTests.xctest */ = {isa = PBXFileReference; explicitFileType = wrapper.cfbundle; includeInIndex = 0; path = PathTracingTestsTests.xctest; sourceTree = BUILT_PRODUCTS_DIR; };
		E64D25371D4D8C6000445C30 /* MatrixTests.swift */ = {isa = PBXFileReference; lastKnownFileType = sourcecode.swift; path = MatrixTests.swift; sourceTree = "<group>"; };
		E64D25391D4D8C6000445C30 /* Info.plist */ = {isa = PBXFileReference; lastKnownFileType = text.plist.xml; path = Info.plist; sourceTree = "<group>"; };
		E64D25411D4D98EE00445C30 /* Matrix.swift */ = {isa = PBXFileReference; fileEncoding = 4; lastKnownFileType = sourcecode.swift; path = Matrix.swift; sourceTree = "<group>"; };
		E658AC511D5DCD2100701C31 /* SceneEncoding.swift */ = {isa = PBXFileReference; fileEncoding = 4; lastKnownFileType = sourcecode.swift; path = SceneEncoding.swift; sourceTree = "<group>"; };
		E658AC551D5DED0300701C31 /* .gitignore */ = {isa = PBXFileReference; lastKnownFileType = text; path = .gitignore; sourceTree = "<group>"; };
		E658FB731D4B879300C7628D /* PathTracingTests.app */ = {isa = PBXFileReference; explicitFileType = wrapper.application; includeInIndex = 0; name = PathTracingTests.app; path = "Path Tracing Demo.app"; sourceTree = BUILT_PRODUCTS_DIR; };
		E658FB761D4B879300C7628D /* AppDelegate.swift */ = {isa = PBXFileReference; lastKnownFileType = sourcecode.swift; path = AppDelegate.swift; sourceTree = "<group>"; };
		E658FB781D4B879300C7628D /* RenderResultViewController.swift */ = {isa = PBXFileReference; lastKnownFileType = sourcecode.swift; path = RenderResultViewController.swift; sourceTree = "<group>"; };
		E658FB7A1D4B879300C7628D /* Assets.xcassets */ = {isa = PBXFileReference; lastKnownFileType = folder.assetcatalog; path = Assets.xcassets; sourceTree = "<group>"; };
		E658FB7D1D4B879300C7628D /* Base */ = {isa = PBXFileReference; lastKnownFileType = file.storyboard; name = Base; path = Base.lproj/Main.storyboard; sourceTree = "<group>"; };
		E658FB7F1D4B879300C7628D /* Info.plist */ = {isa = PBXFileReference; lastKnownFileType = text.plist.xml; path = Info.plist; sourceTree = "<group>"; };
		E658FB851D4B87AF00C7628D /* Geometry.swift */ = {isa = PBXFileReference; fileEncoding = 4; lastKnownFileType = sourcecode.swift; path = Geometry.swift; sourceTree = "<group>"; };
		E658FB871D4C245500C7628D /* Pathtracing.swift */ = {isa = PBXFileReference; fileEncoding = 4; lastKnownFileType = sourcecode.swift; path = Pathtracing.swift; sourceTree = "<group>"; };
		E65EC0841D598FCA0054C2F5 /* ColorTextureChooserViewController.swift */ = {isa = PBXFileReference; fileEncoding = 4; lastKnownFileType = sourcecode.swift; path = ColorTextureChooserViewController.swift; sourceTree = "<group>"; };
		E65EC0861D5A42800054C2F5 /* MaterialEditorViewController.swift */ = {isa = PBXFileReference; fileEncoding = 4; lastKnownFileType = sourcecode.swift; path = MaterialEditorViewController.swift; sourceTree = "<group>"; };
		E65EC0881D5A436C0054C2F5 /* Extensions.swift */ = {isa = PBXFileReference; fileEncoding = 4; lastKnownFileType = sourcecode.swift; path = Extensions.swift; sourceTree = "<group>"; };
		E65F397A1D5DEFEA00CA8F41 /* README.md */ = {isa = PBXFileReference; lastKnownFileType = net.daringfireball.markdown; path = README.md; sourceTree = "<group>"; };
		E664E3851D52FF1D0032AACA /* PathTracing.app */ = {isa = PBXFileReference; explicitFileType = wrapper.application; includeInIndex = 0; path = PathTracing.app; sourceTree = BUILT_PRODUCTS_DIR; };
		E664E3871D52FF1E0032AACA /* AppDelegate.swift */ = {isa = PBXFileReference; lastKnownFileType = sourcecode.swift; path = AppDelegate.swift; sourceTree = "<group>"; };
		E664E3891D52FF1E0032AACA /* ViewController.swift */ = {isa = PBXFileReference; lastKnownFileType = sourcecode.swift; path = ViewController.swift; sourceTree = "<group>"; };
		E664E38C1D52FF1E0032AACA /* Base */ = {isa = PBXFileReference; lastKnownFileType = file.storyboard; name = Base; path = Base.lproj/Main.storyboard; sourceTree = "<group>"; };
		E664E38E1D52FF1E0032AACA /* Assets.xcassets */ = {isa = PBXFileReference; lastKnownFileType = folder.assetcatalog; path = Assets.xcassets; sourceTree = "<group>"; };
		E664E3911D52FF1E0032AACA /* Base */ = {isa = PBXFileReference; lastKnownFileType = file.storyboard; name = Base; path = Base.lproj/LaunchScreen.storyboard; sourceTree = "<group>"; };
		E664E3931D52FF1E0032AACA /* Info.plist */ = {isa = PBXFileReference; lastKnownFileType = text.plist.xml; path = Info.plist; sourceTree = "<group>"; };
		E664E39E1D52FF9B0032AACA /* PathTracingViewer.swift */ = {isa = PBXFileReference; fileEncoding = 4; lastKnownFileType = sourcecode.swift; name = PathTracingViewer.swift; path = PathTracing/PathTracingViewer.swift; sourceTree = SOURCE_ROOT; };
		E664E3A01D5300390032AACA /* mesh2.obj */ = {isa = PBXFileReference; fileEncoding = 4; lastKnownFileType = text; path = mesh2.obj; sourceTree = "<group>"; };
		E69258381D4EE4B100A77195 /* Shading.swift */ = {isa = PBXFileReference; fileEncoding = 4; lastKnownFileType = sourcecode.swift; path = Shading.swift; sourceTree = "<group>"; };
		E692583B1D4EEDFD00A77195 /* SpacePartitioning.swift */ = {isa = PBXFileReference; fileEncoding = 4; lastKnownFileType = sourcecode.swift; path = SpacePartitioning.swift; sourceTree = "<group>"; };
		E6F44A7E1D59855D00C2FAD2 /* ShaderChooserViewController.swift */ = {isa = PBXFileReference; fileEncoding = 4; lastKnownFileType = sourcecode.swift; path = ShaderChooserViewController.swift; sourceTree = "<group>"; };
		E6F44A821D59877700C2FAD2 /* ShaderEditorViewController.swift */ = {isa = PBXFileReference; fileEncoding = 4; lastKnownFileType = sourcecode.swift; path = ShaderEditorViewController.swift; sourceTree = "<group>"; };
/* End PBXFileReference section */

/* Begin PBXFrameworksBuildPhase section */
		E64D25321D4D8C6000445C30 /* Frameworks */ = {
			isa = PBXFrameworksBuildPhase;
			buildActionMask = 2147483647;
			files = (
			);
			runOnlyForDeploymentPostprocessing = 0;
		};
		E658FB701D4B879200C7628D /* Frameworks */ = {
			isa = PBXFrameworksBuildPhase;
			buildActionMask = 2147483647;
			files = (
			);
			runOnlyForDeploymentPostprocessing = 0;
		};
		E664E3821D52FF1D0032AACA /* Frameworks */ = {
			isa = PBXFrameworksBuildPhase;
			buildActionMask = 2147483647;
			files = (
			);
			runOnlyForDeploymentPostprocessing = 0;
		};
/* End PBXFrameworksBuildPhase section */

/* Begin PBXGroup section */
		E64D25361D4D8C6000445C30 /* Path Tracing Demo Tests */ = {
			isa = PBXGroup;
			children = (
				E64D25371D4D8C6000445C30 /* MatrixTests.swift */,
				E64D25391D4D8C6000445C30 /* Info.plist */,
			);
			path = "Path Tracing Demo Tests";
			sourceTree = "<group>";
		};
		E658FB6A1D4B879200C7628D = {
			isa = PBXGroup;
			children = (
				E65F397A1D5DEFEA00CA8F41 /* README.md */,
				E658AC551D5DED0300701C31 /* .gitignore */,
				E658FB751D4B879300C7628D /* Path Tracing Demo */,
				E64D25361D4D8C6000445C30 /* Path Tracing Demo Tests */,
				E664E3861D52FF1D0032AACA /* PathTracing iOS */,
				E658FB741D4B879300C7628D /* Products */,
			);
			sourceTree = "<group>";
		};
		E658FB741D4B879300C7628D /* Products */ = {
			isa = PBXGroup;
			children = (
				E658FB731D4B879300C7628D /* PathTracingTests.app */,
				E64D25351D4D8C6000445C30 /* PathTracingTestsTests.xctest */,
				E664E3851D52FF1D0032AACA /* PathTracing.app */,
			);
			name = Products;
			sourceTree = "<group>";
		};
		E658FB751D4B879300C7628D /* Path Tracing Demo */ = {
			isa = PBXGroup;
			children = (
				E658FB761D4B879300C7628D /* AppDelegate.swift */,
				E65EC0881D5A436C0054C2F5 /* Extensions.swift */,
				E687747F1D5AD5DE0037C513 /* Path Tracing */,
				E68774811D5AD5FC0037C513 /* View Controllers */,
				E658FB7A1D4B879300C7628D /* Assets.xcassets */,
				E658FB7C1D4B879300C7628D /* Main.storyboard */,
				E658FB7F1D4B879300C7628D /* Info.plist */,
			);
			path = "Path Tracing Demo";
			sourceTree = "<group>";
		};
		E664E3861D52FF1D0032AACA /* PathTracing iOS */ = {
			isa = PBXGroup;
			children = (
				E664E3A01D5300390032AACA /* mesh2.obj */,
				E664E3871D52FF1E0032AACA /* AppDelegate.swift */,
				E664E3891D52FF1E0032AACA /* ViewController.swift */,
				E664E39E1D52FF9B0032AACA /* PathTracingViewer.swift */,
				E664E38B1D52FF1E0032AACA /* Main.storyboard */,
				E664E38E1D52FF1E0032AACA /* Assets.xcassets */,
				E664E3901D52FF1E0032AACA /* LaunchScreen.storyboard */,
				E664E3931D52FF1E0032AACA /* Info.plist */,
			);
			name = "PathTracing iOS";
			path = PathTracing;
			sourceTree = "<group>";
		};
		E687747F1D5AD5DE0037C513 /* Path Tracing */ = {
			isa = PBXGroup;
			children = (
				E658FB851D4B87AF00C7628D /* Geometry.swift */,
				E64D25411D4D98EE00445C30 /* Matrix.swift */,
				E61433141D4E8B2D00D0CF34 /* MeshImport.swift */,
				E61433111D4E3CCD00D0CF34 /* Objects.swift */,
				E658AC511D5DCD2100701C31 /* SceneEncoding.swift */,
				E61F1B2D1D542CE2008BD216 /* Textures.swift */,
				E69258381D4EE4B100A77195 /* Shading.swift */,
				E658FB871D4C245500C7628D /* Pathtracing.swift */,
				E692583B1D4EEDFD00A77195 /* SpacePartitioning.swift */,
			);
			name = "Path Tracing";
			sourceTree = "<group>";
		};
		E68774811D5AD5FC0037C513 /* View Controllers */ = {
			isa = PBXGroup;
			children = (
				E658FB781D4B879300C7628D /* RenderResultViewController.swift */,
				E608A7261D58D6A000AB478D /* ControlPanelViewController.swift */,
				E6F44A7E1D59855D00C2FAD2 /* ShaderChooserViewController.swift */,
				E6F44A821D59877700C2FAD2 /* ShaderEditorViewController.swift */,
				E65EC0841D598FCA0054C2F5 /* ColorTextureChooserViewController.swift */,
				E65EC0861D5A42800054C2F5 /* MaterialEditorViewController.swift */,
			);
			name = "View Controllers";
			sourceTree = "<group>";
		};
/* End PBXGroup section */

/* Begin PBXNativeTarget section */
		E64D25341D4D8C6000445C30 /* PathTracingTestsTests */ = {
			isa = PBXNativeTarget;
			buildConfigurationList = E64D253E1D4D8C6000445C30 /* Build configuration list for PBXNativeTarget "PathTracingTestsTests" */;
			buildPhases = (
				E64D25311D4D8C6000445C30 /* Sources */,
				E64D25321D4D8C6000445C30 /* Frameworks */,
				E64D25331D4D8C6000445C30 /* Resources */,
			);
			buildRules = (
			);
			dependencies = (
				E64D253B1D4D8C6000445C30 /* PBXTargetDependency */,
			);
			name = PathTracingTestsTests;
			productName = PathTracingTestsTests;
			productReference = E64D25351D4D8C6000445C30 /* PathTracingTestsTests.xctest */;
			productType = "com.apple.product-type.bundle.unit-test";
		};
		E658FB721D4B879200C7628D /* Path Tracing Demo */ = {
			isa = PBXNativeTarget;
			buildConfigurationList = E658FB821D4B879300C7628D /* Build configuration list for PBXNativeTarget "Path Tracing Demo" */;
			buildPhases = (
				E658FB6F1D4B879200C7628D /* Sources */,
				E658FB701D4B879200C7628D /* Frameworks */,
				E658FB711D4B879200C7628D /* Resources */,
			);
			buildRules = (
			);
			dependencies = (
			);
			name = "Path Tracing Demo";
			productName = PathTracingTests;
			productReference = E658FB731D4B879300C7628D /* PathTracingTests.app */;
			productType = "com.apple.product-type.application";
		};
		E664E3841D52FF1D0032AACA /* PathTracing */ = {
			isa = PBXNativeTarget;
			buildConfigurationList = E664E3961D52FF1E0032AACA /* Build configuration list for PBXNativeTarget "PathTracing" */;
			buildPhases = (
				E664E3811D52FF1D0032AACA /* Sources */,
				E664E3821D52FF1D0032AACA /* Frameworks */,
				E664E3831D52FF1D0032AACA /* Resources */,
				E6C9E2A71D5D4F6A006326F3 /* Embed Watch Content */,
			);
			buildRules = (
			);
			dependencies = (
			);
			name = PathTracing;
			productName = PathTracing;
			productReference = E664E3851D52FF1D0032AACA /* PathTracing.app */;
			productType = "com.apple.product-type.application";
		};
/* End PBXNativeTarget section */

/* Begin PBXProject section */
		E658FB6B1D4B879200C7628D /* Project object */ = {
			isa = PBXProject;
			attributes = {
				LastSwiftUpdateCheck = 0800;
				LastUpgradeCheck = 0800;
				ORGANIZATIONNAME = "Palle Klewitz";
				TargetAttributes = {
					E64D25341D4D8C6000445C30 = {
						CreatedOnToolsVersion = 8.0;
						ProvisioningStyle = Automatic;
						TestTargetID = E658FB721D4B879200C7628D;
					};
					E658FB721D4B879200C7628D = {
						CreatedOnToolsVersion = 8.0;
						DevelopmentTeam = BPTAR52LQF;
						ProvisioningStyle = Automatic;
					};
					E664E3841D52FF1D0032AACA = {
						CreatedOnToolsVersion = 8.0;
						DevelopmentTeam = BPTAR52LQF;
						DevelopmentTeamName = "Palle Klewitz (Personal Team)";
						ProvisioningStyle = Automatic;
					};
				};
			};
			buildConfigurationList = E658FB6E1D4B879200C7628D /* Build configuration list for PBXProject "Path Tracing Demo" */;
			compatibilityVersion = "Xcode 3.2";
			developmentRegion = English;
			hasScannedForEncodings = 0;
			knownRegions = (
				en,
				Base,
			);
			mainGroup = E658FB6A1D4B879200C7628D;
			productRefGroup = E658FB741D4B879300C7628D /* Products */;
			projectDirPath = "";
			projectRoot = "";
			targets = (
				E658FB721D4B879200C7628D /* Path Tracing Demo */,
				E64D25341D4D8C6000445C30 /* PathTracingTestsTests */,
				E664E3841D52FF1D0032AACA /* PathTracing */,
			);
		};
/* End PBXProject section */

/* Begin PBXResourcesBuildPhase section */
		E64D25331D4D8C6000445C30 /* Resources */ = {
			isa = PBXResourcesBuildPhase;
			buildActionMask = 2147483647;
			files = (
			);
			runOnlyForDeploymentPostprocessing = 0;
		};
		E658FB711D4B879200C7628D /* Resources */ = {
			isa = PBXResourcesBuildPhase;
			buildActionMask = 2147483647;
			files = (
				E658FB7B1D4B879300C7628D /* Assets.xcassets in Resources */,
				E658FB7E1D4B879300C7628D /* Main.storyboard in Resources */,
			);
			runOnlyForDeploymentPostprocessing = 0;
		};
		E664E3831D52FF1D0032AACA /* Resources */ = {
			isa = PBXResourcesBuildPhase;
			buildActionMask = 2147483647;
			files = (
				E664E3921D52FF1E0032AACA /* LaunchScreen.storyboard in Resources */,
				E664E3A11D5300390032AACA /* mesh2.obj in Resources */,
				E664E38F1D52FF1E0032AACA /* Assets.xcassets in Resources */,
				E664E38D1D52FF1E0032AACA /* Main.storyboard in Resources */,
			);
			runOnlyForDeploymentPostprocessing = 0;
		};
/* End PBXResourcesBuildPhase section */

/* Begin PBXSourcesBuildPhase section */
		E64D25311D4D8C6000445C30 /* Sources */ = {
			isa = PBXSourcesBuildPhase;
			buildActionMask = 2147483647;
			files = (
				E64D25431D4D98EE00445C30 /* Matrix.swift in Sources */,
				E61433131D4E3CCD00D0CF34 /* Objects.swift in Sources */,
				E64D25381D4D8C6000445C30 /* MatrixTests.swift in Sources */,
				E61433161D4E8B2D00D0CF34 /* MeshImport.swift in Sources */,
				E64D253F1D4D8C8C00445C30 /* Geometry.swift in Sources */,
				E61F1B2F1D542CE2008BD216 /* Textures.swift in Sources */,
				E64D25401D4D8C8E00445C30 /* Pathtracing.swift in Sources */,
				E692583D1D4EEDFD00A77195 /* SpacePartitioning.swift in Sources */,
				E692583A1D4EE4B100A77195 /* Shading.swift in Sources */,
			);
			runOnlyForDeploymentPostprocessing = 0;
		};
		E658FB6F1D4B879200C7628D /* Sources */ = {
			isa = PBXSourcesBuildPhase;
			buildActionMask = 2147483647;
			files = (
				E6F44A801D59855D00C2FAD2 /* ShaderChooserViewController.swift in Sources */,
				E658FB791D4B879300C7628D /* RenderResultViewController.swift in Sources */,
				E658FB881D4C245500C7628D /* Pathtracing.swift in Sources */,
				E608A7271D58D6A000AB478D /* ControlPanelViewController.swift in Sources */,
				E64D25421D4D98EE00445C30 /* Matrix.swift in Sources */,
				E61F1B2E1D542CE2008BD216 /* Textures.swift in Sources */,
				E61433151D4E8B2D00D0CF34 /* MeshImport.swift in Sources */,
				E658FB861D4B87AF00C7628D /* Geometry.swift in Sources */,
				E65EC0851D598FCA0054C2F5 /* ColorTextureChooserViewController.swift in Sources */,
				E65EC0871D5A42800054C2F5 /* MaterialEditorViewController.swift in Sources */,
				E658AC521D5DCD2100701C31 /* SceneEncoding.swift in Sources */,
				E61433121D4E3CCD00D0CF34 /* Objects.swift in Sources */,
				E6F44A831D59877700C2FAD2 /* ShaderEditorViewController.swift in Sources */,
				E69258391D4EE4B100A77195 /* Shading.swift in Sources */,
				E65EC0891D5A436C0054C2F5 /* Extensions.swift in Sources */,
				E692583C1D4EEDFD00A77195 /* SpacePartitioning.swift in Sources */,
				E658FB771D4B879300C7628D /* AppDelegate.swift in Sources */,
			);
			runOnlyForDeploymentPostprocessing = 0;
		};
		E664E3811D52FF1D0032AACA /* Sources */ = {
			isa = PBXSourcesBuildPhase;
			buildActionMask = 2147483647;
			files = (
				E664E39D1D52FF3C0032AACA /* SpacePartitioning.swift in Sources */,
				E658AC531D5DCD2100701C31 /* SceneEncoding.swift in Sources */,
				E664E3981D52FF2A0032AACA /* Matrix.swift in Sources */,
				E664E39C1D52FF390032AACA /* Pathtracing.swift in Sources */,
				E61F1B301D542CE2008BD216 /* Textures.swift in Sources */,
				E664E38A1D52FF1E0032AACA /* ViewController.swift in Sources */,
				E664E3971D52FF280032AACA /* Geometry.swift in Sources */,
				E664E3991D52FF2D0032AACA /* MeshImport.swift in Sources */,
				E68774821D5B12770037C513 /* Extensions.swift in Sources */,
				E664E39A1D52FF310032AACA /* Objects.swift in Sources */,
				E664E3881D52FF1E0032AACA /* AppDelegate.swift in Sources */,
				E664E39B1D52FF370032AACA /* Shading.swift in Sources */,
				E664E39F1D52FF9B0032AACA /* PathTracingViewer.swift in Sources */,
			);
			runOnlyForDeploymentPostprocessing = 0;
		};
/* End PBXSourcesBuildPhase section */

/* Begin PBXTargetDependency section */
		E64D253B1D4D8C6000445C30 /* PBXTargetDependency */ = {
			isa = PBXTargetDependency;
			target = E658FB721D4B879200C7628D /* Path Tracing Demo */;
			targetProxy = E64D253A1D4D8C6000445C30 /* PBXContainerItemProxy */;
		};
/* End PBXTargetDependency section */

/* Begin PBXVariantGroup section */
		E658FB7C1D4B879300C7628D /* Main.storyboard */ = {
			isa = PBXVariantGroup;
			children = (
				E658FB7D1D4B879300C7628D /* Base */,
			);
			name = Main.storyboard;
			sourceTree = "<group>";
		};
		E664E38B1D52FF1E0032AACA /* Main.storyboard */ = {
			isa = PBXVariantGroup;
			children = (
				E664E38C1D52FF1E0032AACA /* Base */,
			);
			name = Main.storyboard;
			sourceTree = "<group>";
		};
		E664E3901D52FF1E0032AACA /* LaunchScreen.storyboard */ = {
			isa = PBXVariantGroup;
			children = (
				E664E3911D52FF1E0032AACA /* Base */,
			);
			name = LaunchScreen.storyboard;
			sourceTree = "<group>";
		};
/* End PBXVariantGroup section */

/* Begin XCBuildConfiguration section */
		E64D253C1D4D8C6000445C30 /* Debug */ = {
			isa = XCBuildConfiguration;
			buildSettings = {
				BUNDLE_LOADER = "$(TEST_HOST)";
				COMBINE_HIDPI_IMAGES = YES;
				INFOPLIST_FILE = PathTracingTestsTests/Info.plist;
				LD_RUNPATH_SEARCH_PATHS = "$(inherited) @executable_path/../Frameworks @loader_path/../Frameworks";
				PRODUCT_BUNDLE_IDENTIFIER = com.palleklewitz.PathTracingTestsTests;
				PRODUCT_NAME = "$(TARGET_NAME)";
				SWIFT_VERSION = 3.0;
				TEST_HOST = "$(BUILT_PRODUCTS_DIR)/PathTracingTests.app/Contents/MacOS/PathTracingTests";
			};
			name = Debug;
		};
		E64D253D1D4D8C6000445C30 /* Release */ = {
			isa = XCBuildConfiguration;
			buildSettings = {
				BUNDLE_LOADER = "$(TEST_HOST)";
				COMBINE_HIDPI_IMAGES = YES;
				INFOPLIST_FILE = PathTracingTestsTests/Info.plist;
				LD_RUNPATH_SEARCH_PATHS = "$(inherited) @executable_path/../Frameworks @loader_path/../Frameworks";
				PRODUCT_BUNDLE_IDENTIFIER = com.palleklewitz.PathTracingTestsTests;
				PRODUCT_NAME = "$(TARGET_NAME)";
				SWIFT_VERSION = 3.0;
				TEST_HOST = "$(BUILT_PRODUCTS_DIR)/PathTracingTests.app/Contents/MacOS/PathTracingTests";
			};
			name = Release;
		};
		E658FB801D4B879300C7628D /* Debug */ = {
			isa = XCBuildConfiguration;
			buildSettings = {
				ALWAYS_SEARCH_USER_PATHS = NO;
				CLANG_ANALYZER_NONNULL = YES;
				CLANG_CXX_LANGUAGE_STANDARD = "gnu++0x";
				CLANG_CXX_LIBRARY = "libc++";
				CLANG_ENABLE_MODULES = YES;
				CLANG_ENABLE_OBJC_ARC = YES;
				CLANG_WARN_BOOL_CONVERSION = YES;
				CLANG_WARN_CONSTANT_CONVERSION = YES;
				CLANG_WARN_DIRECT_OBJC_ISA_USAGE = YES_ERROR;
				CLANG_WARN_DOCUMENTATION_COMMENTS = YES;
				CLANG_WARN_EMPTY_BODY = YES;
				CLANG_WARN_ENUM_CONVERSION = YES;
				CLANG_WARN_INT_CONVERSION = YES;
				CLANG_WARN_OBJC_ROOT_CLASS = YES_ERROR;
				CLANG_WARN_UNREACHABLE_CODE = YES;
				CLANG_WARN__DUPLICATE_METHOD_MATCH = YES;
				CODE_SIGN_IDENTITY = "-";
				COPY_PHASE_STRIP = NO;
				DEBUG_INFORMATION_FORMAT = dwarf;
				ENABLE_STRICT_OBJC_MSGSEND = YES;
				ENABLE_TESTABILITY = YES;
				GCC_C_LANGUAGE_STANDARD = gnu99;
				GCC_DYNAMIC_NO_PIC = NO;
				GCC_NO_COMMON_BLOCKS = YES;
				GCC_OPTIMIZATION_LEVEL = 0;
				GCC_PREPROCESSOR_DEFINITIONS = (
					"DEBUG=1",
					"$(inherited)",
				);
				GCC_WARN_64_TO_32_BIT_CONVERSION = YES;
				GCC_WARN_ABOUT_RETURN_TYPE = YES_ERROR;
				GCC_WARN_UNDECLARED_SELECTOR = YES;
				GCC_WARN_UNINITIALIZED_AUTOS = YES_AGGRESSIVE;
				GCC_WARN_UNUSED_FUNCTION = YES;
				GCC_WARN_UNUSED_VARIABLE = YES;
				IPHONEOS_DEPLOYMENT_TARGET = 9.3;
				MACOSX_DEPLOYMENT_TARGET = 10.11;
				MTL_ENABLE_DEBUG_INFO = YES;
				ONLY_ACTIVE_ARCH = YES;
				SDKROOT = macosx;
				SWIFT_ACTIVE_COMPILATION_CONDITIONS = DEBUG;
				SWIFT_OPTIMIZATION_LEVEL = "-Onone";
			};
			name = Debug;
		};
		E658FB811D4B879300C7628D /* Release */ = {
			isa = XCBuildConfiguration;
			buildSettings = {
				ALWAYS_SEARCH_USER_PATHS = NO;
				CLANG_ANALYZER_NONNULL = YES;
				CLANG_CXX_LANGUAGE_STANDARD = "gnu++0x";
				CLANG_CXX_LIBRARY = "libc++";
				CLANG_ENABLE_MODULES = YES;
				CLANG_ENABLE_OBJC_ARC = YES;
				CLANG_WARN_BOOL_CONVERSION = YES;
				CLANG_WARN_CONSTANT_CONVERSION = YES;
				CLANG_WARN_DIRECT_OBJC_ISA_USAGE = YES_ERROR;
				CLANG_WARN_DOCUMENTATION_COMMENTS = YES;
				CLANG_WARN_EMPTY_BODY = YES;
				CLANG_WARN_ENUM_CONVERSION = YES;
				CLANG_WARN_INT_CONVERSION = YES;
				CLANG_WARN_OBJC_ROOT_CLASS = YES_ERROR;
				CLANG_WARN_UNREACHABLE_CODE = YES;
				CLANG_WARN__DUPLICATE_METHOD_MATCH = YES;
				CODE_SIGN_IDENTITY = "-";
				COPY_PHASE_STRIP = NO;
				DEBUG_INFORMATION_FORMAT = "dwarf-with-dsym";
				ENABLE_NS_ASSERTIONS = NO;
				ENABLE_STRICT_OBJC_MSGSEND = YES;
				GCC_C_LANGUAGE_STANDARD = gnu99;
				GCC_NO_COMMON_BLOCKS = YES;
				GCC_WARN_64_TO_32_BIT_CONVERSION = YES;
				GCC_WARN_ABOUT_RETURN_TYPE = YES_ERROR;
				GCC_WARN_UNDECLARED_SELECTOR = YES;
				GCC_WARN_UNINITIALIZED_AUTOS = YES_AGGRESSIVE;
				GCC_WARN_UNUSED_FUNCTION = YES;
				GCC_WARN_UNUSED_VARIABLE = YES;
				IPHONEOS_DEPLOYMENT_TARGET = 9.3;
				LLVM_LTO = YES_THIN;
				MACOSX_DEPLOYMENT_TARGET = 10.11;
				MTL_ENABLE_DEBUG_INFO = NO;
				SDKROOT = macosx;
				SWIFT_OPTIMIZATION_LEVEL = "-Owholemodule";
			};
			name = Release;
		};
		E658FB831D4B879300C7628D /* Debug */ = {
			isa = XCBuildConfiguration;
			buildSettings = {
				ASSETCATALOG_COMPILER_APPICON_NAME = AppIcon;
				CLANG_STATIC_ANALYZER_MODE = shallow;
				CODE_SIGN_IDENTITY = "Mac Developer";
				COMBINE_HIDPI_IMAGES = YES;
				DEVELOPMENT_TEAM = BPTAR52LQF;
				INFOPLIST_FILE = "Path Tracing Demo/Info.plist";
				LD_RUNPATH_SEARCH_PATHS = "$(inherited) @executable_path/../Frameworks";
				PRODUCT_BUNDLE_IDENTIFIER = com.palleklewitz.PathTracingTests;
				PRODUCT_NAME = "$(TARGET_NAME)";
				SWIFT_VERSION = 3.0;
			};
			name = Debug;
		};
		E658FB841D4B879300C7628D /* Release */ = {
			isa = XCBuildConfiguration;
			buildSettings = {
				ASSETCATALOG_COMPILER_APPICON_NAME = AppIcon;
				CLANG_STATIC_ANALYZER_MODE = shallow;
				CODE_SIGN_IDENTITY = "Mac Developer";
				COMBINE_HIDPI_IMAGES = YES;
				DEVELOPMENT_TEAM = BPTAR52LQF;
				GCC_OPTIMIZATION_LEVEL = fast;
				INFOPLIST_FILE = "Path Tracing Demo/Info.plist";
				LD_RUNPATH_SEARCH_PATHS = "$(inherited) @executable_path/../Frameworks";
				PRODUCT_BUNDLE_IDENTIFIER = com.palleklewitz.PathTracingTests;
				PRODUCT_NAME = "$(TARGET_NAME)";
				SWIFT_VERSION = 3.0;
			};
			name = Release;
		};
		E664E3941D52FF1E0032AACA /* Debug */ = {
			isa = XCBuildConfiguration;
			buildSettings = {
				ASSETCATALOG_COMPILER_APPICON_NAME = AppIcon;
				"CODE_SIGN_IDENTITY[sdk=iphoneos*]" = "iPhone Developer";
				INFOPLIST_FILE = PathTracing/Info.plist;
				IPHONEOS_DEPLOYMENT_TARGET = 9.3;
				LD_RUNPATH_SEARCH_PATHS = "$(inherited) @executable_path/Frameworks";
				PRODUCT_BUNDLE_IDENTIFIER = com.palleklewitz.PathTracing;
				PRODUCT_NAME = "$(TARGET_NAME)";
				SDKROOT = iphoneos;
				SWIFT_VERSION = 3.0;
				TARGETED_DEVICE_FAMILY = "1,2";
			};
			name = Debug;
		};
		E664E3951D52FF1E0032AACA /* Release */ = {
			isa = XCBuildConfiguration;
			buildSettings = {
				ASSETCATALOG_COMPILER_APPICON_NAME = AppIcon;
				"CODE_SIGN_IDENTITY[sdk=iphoneos*]" = "iPhone Developer";
				INFOPLIST_FILE = PathTracing/Info.plist;
				IPHONEOS_DEPLOYMENT_TARGET = 9.3;
				LD_RUNPATH_SEARCH_PATHS = "$(inherited) @executable_path/Frameworks";
				PRODUCT_BUNDLE_IDENTIFIER = com.palleklewitz.PathTracing;
				PRODUCT_NAME = "$(TARGET_NAME)";
				SDKROOT = iphoneos;
				SWIFT_VERSION = 3.0;
				TARGETED_DEVICE_FAMILY = "1,2";
				VALIDATE_PRODUCT = YES;
			};
			name = Release;
		};
/* End XCBuildConfiguration section */

/* Begin XCConfigurationList section */
		E64D253E1D4D8C6000445C30 /* Build configuration list for PBXNativeTarget "PathTracingTestsTests" */ = {
			isa = XCConfigurationList;
			buildConfigurations = (
				E64D253C1D4D8C6000445C30 /* Debug */,
				E64D253D1D4D8C6000445C30 /* Release */,
			);
			defaultConfigurationIsVisible = 0;
			defaultConfigurationName = Release;
		};
		E658FB6E1D4B879200C7628D /* Build configuration list for PBXProject "Path Tracing Demo" */ = {
			isa = XCConfigurationList;
			buildConfigurations = (
				E658FB801D4B879300C7628D /* Debug */,
				E658FB811D4B879300C7628D /* Release */,
			);
			defaultConfigurationIsVisible = 0;
			defaultConfigurationName = Release;
		};
		E658FB821D4B879300C7628D /* Build configuration list for PBXNativeTarget "Path Tracing Demo" */ = {
			isa = XCConfigurationList;
			buildConfigurations = (
				E658FB831D4B879300C7628D /* Debug */,
				E658FB841D4B879300C7628D /* Release */,
			);
			defaultConfigurationIsVisible = 0;
			defaultConfigurationName = Release;
		};
		E664E3961D52FF1E0032AACA /* Build configuration list for PBXNativeTarget "PathTracing" */ = {
			isa = XCConfigurationList;
			buildConfigurations = (
				E664E3941D52FF1E0032AACA /* Debug */,
				E664E3951D52FF1E0032AACA /* Release */,
			);
			defaultConfigurationIsVisible = 0;
			defaultConfigurationName = Release;
		};
/* End XCConfigurationList section */
	};
	rootObject = E658FB6B1D4B879200C7628D /* Project object */;
}
